// !$*UTF8*$!
{
	archiveVersion = 1;
	classes = {
	};
	objectVersion = 56;
	objects = {

/* Begin PBXBuildFile section */
		9DA8DA312BFB6A55005091CB /* Arbuz_HWApp.swift in Sources */ = {isa = PBXBuildFile; fileRef = 9DA8DA302BFB6A55005091CB /* Arbuz_HWApp.swift */; };
		9DA8DA332BFB6A55005091CB /* ContentView.swift in Sources */ = {isa = PBXBuildFile; fileRef = 9DA8DA322BFB6A55005091CB /* ContentView.swift */; };
		9DA8DA352BFB6A58005091CB /* Assets.xcassets in Resources */ = {isa = PBXBuildFile; fileRef = 9DA8DA342BFB6A58005091CB /* Assets.xcassets */; };
		9DA8DA382BFB6A58005091CB /* Preview Assets.xcassets in Resources */ = {isa = PBXBuildFile; fileRef = 9DA8DA372BFB6A58005091CB /* Preview Assets.xcassets */; };
		9DA8DA402BFB72CA005091CB /* Product.swift in Sources */ = {isa = PBXBuildFile; fileRef = 9DA8DA3F2BFB72CA005091CB /* Product.swift */; };
		9DA8DA422BFB74D8005091CB /* User.swift in Sources */ = {isa = PBXBuildFile; fileRef = 9DA8DA412BFB74D8005091CB /* User.swift */; };
		9DA8DA442BFB752E005091CB /* Order.swift in Sources */ = {isa = PBXBuildFile; fileRef = 9DA8DA432BFB752E005091CB /* Order.swift */; };
		9DA8DA462BFB764A005091CB /* Position.swift in Sources */ = {isa = PBXBuildFile; fileRef = 9DA8DA452BFB764A005091CB /* Position.swift */; };
		9DA8DA492BFB7892005091CB /* JSONLoader.swift in Sources */ = {isa = PBXBuildFile; fileRef = 9DA8DA482BFB7891005091CB /* JSONLoader.swift */; };
		9DA8DA4B2BFB7B76005091CB /* ProductJSON.json in Resources */ = {isa = PBXBuildFile; fileRef = 9DA8DA4A2BFB7B76005091CB /* ProductJSON.json */; };
/* End PBXBuildFile section */

/* Begin PBXFileReference section */
		9DA8DA2D2BFB6A55005091CB /* Arbuz_HW.app */ = {isa = PBXFileReference; explicitFileType = wrapper.application; includeInIndex = 0; path = Arbuz_HW.app; sourceTree = BUILT_PRODUCTS_DIR; };
		9DA8DA302BFB6A55005091CB /* Arbuz_HWApp.swift */ = {isa = PBXFileReference; lastKnownFileType = sourcecode.swift; path = Arbuz_HWApp.swift; sourceTree = "<group>"; };
		9DA8DA322BFB6A55005091CB /* ContentView.swift */ = {isa = PBXFileReference; lastKnownFileType = sourcecode.swift; path = ContentView.swift; sourceTree = "<group>"; };
		9DA8DA342BFB6A58005091CB /* Assets.xcassets */ = {isa = PBXFileReference; lastKnownFileType = folder.assetcatalog; path = Assets.xcassets; sourceTree = "<group>"; };
		9DA8DA372BFB6A58005091CB /* Preview Assets.xcassets */ = {isa = PBXFileReference; lastKnownFileType = folder.assetcatalog; path = "Preview Assets.xcassets"; sourceTree = "<group>"; };
		9DA8DA3F2BFB72CA005091CB /* Product.swift */ = {isa = PBXFileReference; lastKnownFileType = sourcecode.swift; path = Product.swift; sourceTree = "<group>"; };
		9DA8DA412BFB74D8005091CB /* User.swift */ = {isa = PBXFileReference; lastKnownFileType = sourcecode.swift; path = User.swift; sourceTree = "<group>"; };
		9DA8DA432BFB752E005091CB /* Order.swift */ = {isa = PBXFileReference; lastKnownFileType = sourcecode.swift; path = Order.swift; sourceTree = "<group>"; };
		9DA8DA452BFB764A005091CB /* Position.swift */ = {isa = PBXFileReference; lastKnownFileType = sourcecode.swift; path = Position.swift; sourceTree = "<group>"; };
		9DA8DA482BFB7891005091CB /* JSONLoader.swift */ = {isa = PBXFileReference; lastKnownFileType = sourcecode.swift; path = JSONLoader.swift; sourceTree = "<group>"; };
		9DA8DA4A2BFB7B76005091CB /* ProductJSON.json */ = {isa = PBXFileReference; lastKnownFileType = text.json; path = ProductJSON.json; sourceTree = "<group>"; };
/* End PBXFileReference section */

/* Begin PBXFrameworksBuildPhase section */
		9DA8DA2A2BFB6A55005091CB /* Frameworks */ = {
			isa = PBXFrameworksBuildPhase;
			buildActionMask = 2147483647;
			files = (
			);
			runOnlyForDeploymentPostprocessing = 0;
		};
/* End PBXFrameworksBuildPhase section */

/* Begin PBXGroup section */
		9DA8DA242BFB6A55005091CB = {
			isa = PBXGroup;
			children = (
				9DA8DA2F2BFB6A55005091CB /* Arbuz_HW */,
				9DA8DA2E2BFB6A55005091CB /* Products */,
			);
			sourceTree = "<group>";
		};
		9DA8DA2E2BFB6A55005091CB /* Products */ = {
			isa = PBXGroup;
			children = (
				9DA8DA2D2BFB6A55005091CB /* Arbuz_HW.app */,
			);
			name = Products;
			sourceTree = "<group>";
		};
		9DA8DA2F2BFB6A55005091CB /* Arbuz_HW */ = {
			isa = PBXGroup;
			children = (
				9DA8DA472BFB787E005091CB /* Data */,
				9DA8DA3E2BFB72C1005091CB /* Model */,
				9DA8DA302BFB6A55005091CB /* Arbuz_HWApp.swift */,
				9DA8DA322BFB6A55005091CB /* ContentView.swift */,
				9DA8DA342BFB6A58005091CB /* Assets.xcassets */,
				9DA8DA362BFB6A58005091CB /* Preview Content */,
			);
			path = Arbuz_HW;
			sourceTree = "<group>";
		};
		9DA8DA362BFB6A58005091CB /* Preview Content */ = {
			isa = PBXGroup;
			children = (
				9DA8DA372BFB6A58005091CB /* Preview Assets.xcassets */,
			);
			path = "Preview Content";
			sourceTree = "<group>";
		};
		9DA8DA3E2BFB72C1005091CB /* Model */ = {
			isa = PBXGroup;
			children = (
				9DA8DA3F2BFB72CA005091CB /* Product.swift */,
				9DA8DA412BFB74D8005091CB /* User.swift */,
				9DA8DA432BFB752E005091CB /* Order.swift */,
				9DA8DA452BFB764A005091CB /* Position.swift */,
			);
			path = Model;
			sourceTree = "<group>";
		};
		9DA8DA472BFB787E005091CB /* Data */ = {
			isa = PBXGroup;
			children = (
				9DA8DA482BFB7891005091CB /* JSONLoader.swift */,
				9DA8DA4A2BFB7B76005091CB /* ProductJSON.json */,
			);
			path = Data;
			sourceTree = "<group>";
		};
/* End PBXGroup section */

/* Begin PBXNativeTarget section */
		9DA8DA2C2BFB6A55005091CB /* Arbuz_HW */ = {
			isa = PBXNativeTarget;
			buildConfigurationList = 9DA8DA3B2BFB6A58005091CB /* Build configuration list for PBXNativeTarget "Arbuz_HW" */;
			buildPhases = (
				9DA8DA292BFB6A55005091CB /* Sources */,
				9DA8DA2A2BFB6A55005091CB /* Frameworks */,
				9DA8DA2B2BFB6A55005091CB /* Resources */,
			);
			buildRules = (
			);
			dependencies = (
			);
			name = Arbuz_HW;
			productName = Arbuz_HW;
			productReference = 9DA8DA2D2BFB6A55005091CB /* Arbuz_HW.app */;
			productType = "com.apple.product-type.application";
		};
/* End PBXNativeTarget section */

/* Begin PBXProject section */
		9DA8DA252BFB6A55005091CB /* Project object */ = {
			isa = PBXProject;
			attributes = {
				BuildIndependentTargetsInParallel = 1;
				LastSwiftUpdateCheck = 1530;
				LastUpgradeCheck = 1530;
				TargetAttributes = {
					9DA8DA2C2BFB6A55005091CB = {
						CreatedOnToolsVersion = 15.3;
					};
				};
			};
			buildConfigurationList = 9DA8DA282BFB6A55005091CB /* Build configuration list for PBXProject "Arbuz_HW" */;
			compatibilityVersion = "Xcode 14.0";
			developmentRegion = en;
			hasScannedForEncodings = 0;
			knownRegions = (
				en,
				Base,
			);
			mainGroup = 9DA8DA242BFB6A55005091CB;
			productRefGroup = 9DA8DA2E2BFB6A55005091CB /* Products */;
			projectDirPath = "";
			projectRoot = "";
			targets = (
				9DA8DA2C2BFB6A55005091CB /* Arbuz_HW */,
			);
		};
/* End PBXProject section */

/* Begin PBXResourcesBuildPhase section */
		9DA8DA2B2BFB6A55005091CB /* Resources */ = {
			isa = PBXResourcesBuildPhase;
			buildActionMask = 2147483647;
			files = (
				9DA8DA382BFB6A58005091CB /* Preview Assets.xcassets in Resources */,
				9DA8DA4B2BFB7B76005091CB /* ProductJSON.json in Resources */,
				9DA8DA352BFB6A58005091CB /* Assets.xcassets in Resources */,
			);
			runOnlyForDeploymentPostprocessing = 0;
		};
/* End PBXResourcesBuildPhase section */

/* Begin PBXSourcesBuildPhase section */
		9DA8DA292BFB6A55005091CB /* Sources */ = {
			isa = PBXSourcesBuildPhase;
			buildActionMask = 2147483647;
			files = (
				9DA8DA422BFB74D8005091CB /* User.swift in Sources */,
				9DA8DA332BFB6A55005091CB /* ContentView.swift in Sources */,
				9DA8DA462BFB764A005091CB /* Position.swift in Sources */,
				9DA8DA442BFB752E005091CB /* Order.swift in Sources */,
				9DA8DA312BFB6A55005091CB /* Arbuz_HWApp.swift in Sources */,
				9DA8DA402BFB72CA005091CB /* Product.swift in Sources */,
				9DA8DA492BFB7892005091CB /* JSONLoader.swift in Sources */,
			);
			runOnlyForDeploymentPostprocessing = 0;
		};
/* End PBXSourcesBuildPhase section */

/* Begin XCBuildConfiguration section */
		9DA8DA392BFB6A58005091CB /* Debug */ = {
			isa = XCBuildConfiguration;
			buildSettings = {
				ALWAYS_SEARCH_USER_PATHS = NO;
				ASSETCATALOG_COMPILER_GENERATE_SWIFT_ASSET_SYMBOL_EXTENSIONS = YES;
				CLANG_ANALYZER_NONNULL = YES;
				CLANG_ANALYZER_NUMBER_OBJECT_CONVERSION = YES_AGGRESSIVE;
				CLANG_CXX_LANGUAGE_STANDARD = "gnu++20";
				CLANG_ENABLE_MODULES = YES;
				CLANG_ENABLE_OBJC_ARC = YES;
				CLANG_ENABLE_OBJC_WEAK = YES;
				CLANG_WARN_BLOCK_CAPTURE_AUTORELEASING = YES;
				CLANG_WARN_BOOL_CONVERSION = YES;
				CLANG_WARN_COMMA = YES;
				CLANG_WARN_CONSTANT_CONVERSION = YES;
				CLANG_WARN_DEPRECATED_OBJC_IMPLEMENTATIONS = YES;
				CLANG_WARN_DIRECT_OBJC_ISA_USAGE = YES_ERROR;
				CLANG_WARN_DOCUMENTATION_COMMENTS = YES;
				CLANG_WARN_EMPTY_BODY = YES;
				CLANG_WARN_ENUM_CONVERSION = YES;
				CLANG_WARN_INFINITE_RECURSION = YES;
				CLANG_WARN_INT_CONVERSION = YES;
				CLANG_WARN_NON_LITERAL_NULL_CONVERSION = YES;
				CLANG_WARN_OBJC_IMPLICIT_RETAIN_SELF = YES;
				CLANG_WARN_OBJC_LITERAL_CONVERSION = YES;
				CLANG_WARN_OBJC_ROOT_CLASS = YES_ERROR;
				CLANG_WARN_QUOTED_INCLUDE_IN_FRAMEWORK_HEADER = YES;
				CLANG_WARN_RANGE_LOOP_ANALYSIS = YES;
				CLANG_WARN_STRICT_PROTOTYPES = YES;
				CLANG_WARN_SUSPICIOUS_MOVE = YES;
				CLANG_WARN_UNGUARDED_AVAILABILITY = YES_AGGRESSIVE;
				CLANG_WARN_UNREACHABLE_CODE = YES;
				CLANG_WARN__DUPLICATE_METHOD_MATCH = YES;
				COPY_PHASE_STRIP = NO;
				DEBUG_INFORMATION_FORMAT = dwarf;
				ENABLE_STRICT_OBJC_MSGSEND = YES;
				ENABLE_TESTABILITY = YES;
				ENABLE_USER_SCRIPT_SANDBOXING = YES;
				GCC_C_LANGUAGE_STANDARD = gnu17;
				GCC_DYNAMIC_NO_PIC = NO;
				GCC_NO_COMMON_BLOCKS = YES;
				GCC_OPTIMIZATION_LEVEL = 0;
				GCC_PREPROCESSOR_DEFINITIONS = (
					"DEBUG=1",
					"$(inherited)",
				);
				GCC_WARN_64_TO_32_BIT_CONVERSION = YES;
				GCC_WARN_ABOUT_RETURN_TYPE = YES_ERROR;
				GCC_WARN_UNDECLARED_SELECTOR = YES;
				GCC_WARN_UNINITIALIZED_AUTOS = YES_AGGRESSIVE;
				GCC_WARN_UNUSED_FUNCTION = YES;
				GCC_WARN_UNUSED_VARIABLE = YES;
				IPHONEOS_DEPLOYMENT_TARGET = 17.4;
				LOCALIZATION_PREFERS_STRING_CATALOGS = YES;
				MTL_ENABLE_DEBUG_INFO = INCLUDE_SOURCE;
				MTL_FAST_MATH = YES;
				ONLY_ACTIVE_ARCH = YES;
				SDKROOT = iphoneos;
				SWIFT_ACTIVE_COMPILATION_CONDITIONS = "DEBUG $(inherited)";
				SWIFT_OPTIMIZATION_LEVEL = "-Onone";
			};
			name = Debug;
		};
		9DA8DA3A2BFB6A58005091CB /* Release */ = {
			isa = XCBuildConfiguration;
			buildSettings = {
				ALWAYS_SEARCH_USER_PATHS = NO;
				ASSETCATALOG_COMPILER_GENERATE_SWIFT_ASSET_SYMBOL_EXTENSIONS = YES;
				CLANG_ANALYZER_NONNULL = YES;
				CLANG_ANALYZER_NUMBER_OBJECT_CONVERSION = YES_AGGRESSIVE;
				CLANG_CXX_LANGUAGE_STANDARD = "gnu++20";
				CLANG_ENABLE_MODULES = YES;
				CLANG_ENABLE_OBJC_ARC = YES;
				CLANG_ENABLE_OBJC_WEAK = YES;
				CLANG_WARN_BLOCK_CAPTURE_AUTORELEASING = YES;
				CLANG_WARN_BOOL_CONVERSION = YES;
				CLANG_WARN_COMMA = YES;
				CLANG_WARN_CONSTANT_CONVERSION = YES;
				CLANG_WARN_DEPRECATED_OBJC_IMPLEMENTATIONS = YES;
				CLANG_WARN_DIRECT_OBJC_ISA_USAGE = YES_ERROR;
				CLANG_WARN_DOCUMENTATION_COMMENTS = YES;
				CLANG_WARN_EMPTY_BODY = YES;
				CLANG_WARN_ENUM_CONVERSION = YES;
				CLANG_WARN_INFINITE_RECURSION = YES;
				CLANG_WARN_INT_CONVERSION = YES;
				CLANG_WARN_NON_LITERAL_NULL_CONVERSION = YES;
				CLANG_WARN_OBJC_IMPLICIT_RETAIN_SELF = YES;
				CLANG_WARN_OBJC_LITERAL_CONVERSION = YES;
				CLANG_WARN_OBJC_ROOT_CLASS = YES_ERROR;
				CLANG_WARN_QUOTED_INCLUDE_IN_FRAMEWORK_HEADER = YES;
				CLANG_WARN_RANGE_LOOP_ANALYSIS = YES;
				CLANG_WARN_STRICT_PROTOTYPES = YES;
				CLANG_WARN_SUSPICIOUS_MOVE = YES;
				CLANG_WARN_UNGUARDED_AVAILABILITY = YES_AGGRESSIVE;
				CLANG_WARN_UNREACHABLE_CODE = YES;
				CLANG_WARN__DUPLICATE_METHOD_MATCH = YES;
				COPY_PHASE_STRIP = NO;
				DEBUG_INFORMATION_FORMAT = "dwarf-with-dsym";
				ENABLE_NS_ASSERTIONS = NO;
				ENABLE_STRICT_OBJC_MSGSEND = YES;
				ENABLE_USER_SCRIPT_SANDBOXING = YES;
				GCC_C_LANGUAGE_STANDARD = gnu17;
				GCC_NO_COMMON_BLOCKS = YES;
				GCC_WARN_64_TO_32_BIT_CONVERSION = YES;
				GCC_WARN_ABOUT_RETURN_TYPE = YES_ERROR;
				GCC_WARN_UNDECLARED_SELECTOR = YES;
				GCC_WARN_UNINITIALIZED_AUTOS = YES_AGGRESSIVE;
				GCC_WARN_UNUSED_FUNCTION = YES;
				GCC_WARN_UNUSED_VARIABLE = YES;
				IPHONEOS_DEPLOYMENT_TARGET = 17.4;
				LOCALIZATION_PREFERS_STRING_CATALOGS = YES;
				MTL_ENABLE_DEBUG_INFO = NO;
				MTL_FAST_MATH = YES;
				SDKROOT = iphoneos;
				SWIFT_COMPILATION_MODE = wholemodule;
				VALIDATE_PRODUCT = YES;
			};
			name = Release;
		};
		9DA8DA3C2BFB6A58005091CB /* Debug */ = {
			isa = XCBuildConfiguration;
			buildSettings = {
				ASSETCATALOG_COMPILER_APPICON_NAME = AppIcon;
				ASSETCATALOG_COMPILER_GLOBAL_ACCENT_COLOR_NAME = AccentColor;
				CODE_SIGN_STYLE = Automatic;
				CURRENT_PROJECT_VERSION = 1;
				DEVELOPMENT_ASSET_PATHS = "\"Arbuz_HW/Preview Content\"";
				DEVELOPMENT_TEAM = 2LGC5Z6ZQ8;
				ENABLE_PREVIEWS = YES;
				GENERATE_INFOPLIST_FILE = YES;
				INFOPLIST_KEY_UIApplicationSceneManifest_Generation = YES;
				INFOPLIST_KEY_UIApplicationSupportsIndirectInputEvents = YES;
				INFOPLIST_KEY_UILaunchScreen_Generation = YES;
				INFOPLIST_KEY_UISupportedInterfaceOrientations_iPad = "UIInterfaceOrientationPortrait UIInterfaceOrientationPortraitUpsideDown UIInterfaceOrientationLandscapeLeft UIInterfaceOrientationLandscapeRight";
				INFOPLIST_KEY_UISupportedInterfaceOrientations_iPhone = "UIInterfaceOrientationPortrait UIInterfaceOrientationLandscapeLeft UIInterfaceOrientationLandscapeRight";
				LD_RUNPATH_SEARCH_PATHS = (
					"$(inherited)",
					"@executable_path/Frameworks",
				);
				MARKETING_VERSION = 1.0;
				PRODUCT_BUNDLE_IDENTIFIER = "project.Arbuz-HW";
				PRODUCT_NAME = "$(TARGET_NAME)";
				SWIFT_EMIT_LOC_STRINGS = YES;
				SWIFT_VERSION = 5.0;
				TARGETED_DEVICE_FAMILY = "1,2";
			};
			name = Debug;
		};
		9DA8DA3D2BFB6A58005091CB /* Release */ = {
			isa = XCBuildConfiguration;
			buildSettings = {
				ASSETCATALOG_COMPILER_APPICON_NAME = AppIcon;
				ASSETCATALOG_COMPILER_GLOBAL_ACCENT_COLOR_NAME = AccentColor;
				CODE_SIGN_STYLE = Automatic;
				CURRENT_PROJECT_VERSION = 1;
				DEVELOPMENT_ASSET_PATHS = "\"Arbuz_HW/Preview Content\"";
				DEVELOPMENT_TEAM = 2LGC5Z6ZQ8;
				ENABLE_PREVIEWS = YES;
				GENERATE_INFOPLIST_FILE = YES;
				INFOPLIST_KEY_UIApplicationSceneManifest_Generation = YES;
				INFOPLIST_KEY_UIApplicationSupportsIndirectInputEvents = YES;
				INFOPLIST_KEY_UILaunchScreen_Generation = YES;
				INFOPLIST_KEY_UISupportedInterfaceOrientations_iPad = "UIInterfaceOrientationPortrait UIInterfaceOrientationPortraitUpsideDown UIInterfaceOrientationLandscapeLeft UIInterfaceOrientationLandscapeRight";
				INFOPLIST_KEY_UISupportedInterfaceOrientations_iPhone = "UIInterfaceOrientationPortrait UIInterfaceOrientationLandscapeLeft UIInterfaceOrientationLandscapeRight";
				LD_RUNPATH_SEARCH_PATHS = (
					"$(inherited)",
					"@executable_path/Frameworks",
				);
				MARKETING_VERSION = 1.0;
				PRODUCT_BUNDLE_IDENTIFIER = "project.Arbuz-HW";
				PRODUCT_NAME = "$(TARGET_NAME)";
				SWIFT_EMIT_LOC_STRINGS = YES;
				SWIFT_VERSION = 5.0;
				TARGETED_DEVICE_FAMILY = "1,2";
			};
			name = Release;
		};
/* End XCBuildConfiguration section */

/* Begin XCConfigurationList section */
		9DA8DA282BFB6A55005091CB /* Build configuration list for PBXProject "Arbuz_HW" */ = {
			isa = XCConfigurationList;
			buildConfigurations = (
				9DA8DA392BFB6A58005091CB /* Debug */,
				9DA8DA3A2BFB6A58005091CB /* Release */,
			);
			defaultConfigurationIsVisible = 0;
			defaultConfigurationName = Release;
		};
		9DA8DA3B2BFB6A58005091CB /* Build configuration list for PBXNativeTarget "Arbuz_HW" */ = {
			isa = XCConfigurationList;
			buildConfigurations = (
				9DA8DA3C2BFB6A58005091CB /* Debug */,
				9DA8DA3D2BFB6A58005091CB /* Release */,
			);
			defaultConfigurationIsVisible = 0;
			defaultConfigurationName = Release;
		};
/* End XCConfigurationList section */
	};
	rootObject = 9DA8DA252BFB6A55005091CB /* Project object */;
}
